// !$*UTF8*$!
{
	archiveVersion = 1;
	classes = {
	};
	objectVersion = 56;
	objects = {

/* Begin PBXBuildFile section */
		930277792B8F1EFC00685273 /* EncodeDecodeManager.swift in Sources */ = {isa = PBXBuildFile; fileRef = 930277782B8F1EFC00685273 /* EncodeDecodeManager.swift */; };
		B67480332B85A85600641FA5 /* ListTableViewCell.swift in Sources */ = {isa = PBXBuildFile; fileRef = B67480312B85A85600641FA5 /* ListTableViewCell.swift */; };
		B67480342B85A85600641FA5 /* ListTableViewCell.xib in Resources */ = {isa = PBXBuildFile; fileRef = B67480322B85A85600641FA5 /* ListTableViewCell.xib */; };
		B6973E692B837DB10061B13F /* AppDelegate.swift in Sources */ = {isa = PBXBuildFile; fileRef = B6973E682B837DB10061B13F /* AppDelegate.swift */; };
		B6973E6B2B837DB10061B13F /* SceneDelegate.swift in Sources */ = {isa = PBXBuildFile; fileRef = B6973E6A2B837DB10061B13F /* SceneDelegate.swift */; };
		B6973E6D2B837DB10061B13F /* ListVC.swift in Sources */ = {isa = PBXBuildFile; fileRef = B6973E6C2B837DB10061B13F /* ListVC.swift */; };
		B6973E702B837DB10061B13F /* Main.storyboard in Resources */ = {isa = PBXBuildFile; fileRef = B6973E6E2B837DB10061B13F /* Main.storyboard */; };
		B6973E722B837DB20061B13F /* Assets.xcassets in Resources */ = {isa = PBXBuildFile; fileRef = B6973E712B837DB20061B13F /* Assets.xcassets */; };
		B6973E752B837DB20061B13F /* LaunchScreen.storyboard in Resources */ = {isa = PBXBuildFile; fileRef = B6973E732B837DB20061B13F /* LaunchScreen.storyboard */; };
		B6973E7D2B837E600061B13F /* InsertVC.swift in Sources */ = {isa = PBXBuildFile; fileRef = B6973E7C2B837E600061B13F /* InsertVC.swift */; };
		B6973E7F2B837E680061B13F /* InsertVC.storyboard in Resources */ = {isa = PBXBuildFile; fileRef = B6973E7E2B837E680061B13F /* InsertVC.storyboard */; };
		B6973E8A2B837EB70061B13F /* UpdateVC.storyboard in Resources */ = {isa = PBXBuildFile; fileRef = B6973E892B837EB70061B13F /* UpdateVC.storyboard */; };
		B6973E8C2B837EBC0061B13F /* UpdateVC.swift in Sources */ = {isa = PBXBuildFile; fileRef = B6973E8B2B837EBC0061B13F /* UpdateVC.swift */; };
		B6973E902B837EE60061B13F /* J_Network.swift in Sources */ = {isa = PBXBuildFile; fileRef = B6973E8F2B837EE60061B13F /* J_Network.swift */; };
		B6973E922B837EF20061B13F /* D_Network.swift in Sources */ = {isa = PBXBuildFile; fileRef = B6973E912B837EF20061B13F /* D_Network.swift */; };
		B6973E952B837F090061B13F /* Strings.swift in Sources */ = {isa = PBXBuildFile; fileRef = B6973E942B837F090061B13F /* Strings.swift */; };
		B6973E982B837F1A0061B13F /* TestModel.swift in Sources */ = {isa = PBXBuildFile; fileRef = B6973E972B837F1A0061B13F /* TestModel.swift */; };
		B6973E9C2B837F5D0061B13F /* Alamofire in Frameworks */ = {isa = PBXBuildFile; productRef = B6973E9B2B837F5D0061B13F /* Alamofire */; };
		CB7317642B9B60870063B680 /* InsertViewModel.swift in Sources */ = {isa = PBXBuildFile; fileRef = CB7317632B9B60870063B680 /* InsertViewModel.swift */; };
		CB7317662B9B6A5E0063B680 /* ListViewModel.swift in Sources */ = {isa = PBXBuildFile; fileRef = CB7317652B9B6A5E0063B680 /* ListViewModel.swift */; };
		CB773C712B88DA900098AF16 /* UserDefaultsManager.swift in Sources */ = {isa = PBXBuildFile; fileRef = CB773C702B88DA900098AF16 /* UserDefaultsManager.swift */; };
		CB7795632B9BFD9E00D07BFD /* UpdateViewModel.swift in Sources */ = {isa = PBXBuildFile; fileRef = CB7795622B9BFD9E00D07BFD /* UpdateViewModel.swift */; };
		CB7B0B322B864257004E0BC0 /* CommonLineTextField.swift in Sources */ = {isa = PBXBuildFile; fileRef = CB7B0B312B864256004E0BC0 /* CommonLineTextField.swift */; };
/* End PBXBuildFile section */

/* Begin PBXFileReference section */
		930277782B8F1EFC00685273 /* EncodeDecodeManager.swift */ = {isa = PBXFileReference; lastKnownFileType = sourcecode.swift; path = EncodeDecodeManager.swift; sourceTree = "<group>"; };
		B67480312B85A85600641FA5 /* ListTableViewCell.swift */ = {isa = PBXFileReference; lastKnownFileType = sourcecode.swift; path = ListTableViewCell.swift; sourceTree = "<group>"; };
		B67480322B85A85600641FA5 /* ListTableViewCell.xib */ = {isa = PBXFileReference; lastKnownFileType = file.xib; path = ListTableViewCell.xib; sourceTree = "<group>"; };
		B6973E652B837DB10061B13F /* MVC_Todo.app */ = {isa = PBXFileReference; explicitFileType = wrapper.application; includeInIndex = 0; path = MVC_Todo.app; sourceTree = BUILT_PRODUCTS_DIR; };
		B6973E682B837DB10061B13F /* AppDelegate.swift */ = {isa = PBXFileReference; lastKnownFileType = sourcecode.swift; path = AppDelegate.swift; sourceTree = "<group>"; };
		B6973E6A2B837DB10061B13F /* SceneDelegate.swift */ = {isa = PBXFileReference; lastKnownFileType = sourcecode.swift; path = SceneDelegate.swift; sourceTree = "<group>"; };
		B6973E6C2B837DB10061B13F /* ListVC.swift */ = {isa = PBXFileReference; lastKnownFileType = sourcecode.swift; path = ListVC.swift; sourceTree = "<group>"; };
		B6973E6F2B837DB10061B13F /* Base */ = {isa = PBXFileReference; lastKnownFileType = file.storyboard; name = Base; path = Base.lproj/Main.storyboard; sourceTree = "<group>"; };
		B6973E712B837DB20061B13F /* Assets.xcassets */ = {isa = PBXFileReference; lastKnownFileType = folder.assetcatalog; path = Assets.xcassets; sourceTree = "<group>"; };
		B6973E742B837DB20061B13F /* Base */ = {isa = PBXFileReference; lastKnownFileType = file.storyboard; name = Base; path = Base.lproj/LaunchScreen.storyboard; sourceTree = "<group>"; };
		B6973E762B837DB20061B13F /* Info.plist */ = {isa = PBXFileReference; lastKnownFileType = text.plist.xml; path = Info.plist; sourceTree = "<group>"; };
		B6973E7C2B837E600061B13F /* InsertVC.swift */ = {isa = PBXFileReference; lastKnownFileType = sourcecode.swift; path = InsertVC.swift; sourceTree = "<group>"; };
		B6973E7E2B837E680061B13F /* InsertVC.storyboard */ = {isa = PBXFileReference; lastKnownFileType = file.storyboard; path = InsertVC.storyboard; sourceTree = "<group>"; };
		B6973E892B837EB70061B13F /* UpdateVC.storyboard */ = {isa = PBXFileReference; lastKnownFileType = file.storyboard; path = UpdateVC.storyboard; sourceTree = "<group>"; };
		B6973E8B2B837EBC0061B13F /* UpdateVC.swift */ = {isa = PBXFileReference; lastKnownFileType = sourcecode.swift; path = UpdateVC.swift; sourceTree = "<group>"; };
		B6973E8F2B837EE60061B13F /* J_Network.swift */ = {isa = PBXFileReference; lastKnownFileType = sourcecode.swift; path = J_Network.swift; sourceTree = "<group>"; };
		B6973E912B837EF20061B13F /* D_Network.swift */ = {isa = PBXFileReference; lastKnownFileType = sourcecode.swift; path = D_Network.swift; sourceTree = "<group>"; };
		B6973E942B837F090061B13F /* Strings.swift */ = {isa = PBXFileReference; lastKnownFileType = sourcecode.swift; path = Strings.swift; sourceTree = "<group>"; };
		B6973E972B837F1A0061B13F /* TestModel.swift */ = {isa = PBXFileReference; lastKnownFileType = sourcecode.swift; path = TestModel.swift; sourceTree = "<group>"; };
		CB7317632B9B60870063B680 /* InsertViewModel.swift */ = {isa = PBXFileReference; lastKnownFileType = sourcecode.swift; path = InsertViewModel.swift; sourceTree = "<group>"; };
		CB7317652B9B6A5E0063B680 /* ListViewModel.swift */ = {isa = PBXFileReference; lastKnownFileType = sourcecode.swift; path = ListViewModel.swift; sourceTree = "<group>"; };
		CB773C702B88DA900098AF16 /* UserDefaultsManager.swift */ = {isa = PBXFileReference; lastKnownFileType = sourcecode.swift; path = UserDefaultsManager.swift; sourceTree = "<group>"; };
		CB7795622B9BFD9E00D07BFD /* UpdateViewModel.swift */ = {isa = PBXFileReference; lastKnownFileType = sourcecode.swift; path = UpdateViewModel.swift; sourceTree = "<group>"; };
		CB7B0B312B864256004E0BC0 /* CommonLineTextField.swift */ = {isa = PBXFileReference; fileEncoding = 4; lastKnownFileType = sourcecode.swift; path = CommonLineTextField.swift; sourceTree = "<group>"; };
/* End PBXFileReference section */

/* Begin PBXFrameworksBuildPhase section */
		B6973E622B837DB10061B13F /* Frameworks */ = {
			isa = PBXFrameworksBuildPhase;
			buildActionMask = 2147483647;
			files = (
				B6973E9C2B837F5D0061B13F /* Alamofire in Frameworks */,
			);
			runOnlyForDeploymentPostprocessing = 0;
		};
/* End PBXFrameworksBuildPhase section */

/* Begin PBXGroup section */
		B67480352B85A85D00641FA5 /* ListTableViewCell */ = {
			isa = PBXGroup;
			children = (
				B67480312B85A85600641FA5 /* ListTableViewCell.swift */,
				B67480322B85A85600641FA5 /* ListTableViewCell.xib */,
			);
			path = ListTableViewCell;
			sourceTree = "<group>";
		};
		B6973E5C2B837DB10061B13F = {
			isa = PBXGroup;
			children = (
				B6973E672B837DB10061B13F /* MVC_Todo */,
				B6973E662B837DB10061B13F /* Products */,
			);
			sourceTree = "<group>";
		};
		B6973E662B837DB10061B13F /* Products */ = {
			isa = PBXGroup;
			children = (
				B6973E652B837DB10061B13F /* MVC_Todo.app */,
			);
			name = Products;
			sourceTree = "<group>";
		};
		B6973E672B837DB10061B13F /* MVC_Todo */ = {
			isa = PBXGroup;
			children = (
				CB773C6F2B88DA740098AF16 /* Support */,
				CB7B0B302B864244004E0BC0 /* Components */,
				B6973E8E2B837ECE0061B13F /* VC */,
				B6973E682B837DB10061B13F /* AppDelegate.swift */,
				B6973E6A2B837DB10061B13F /* SceneDelegate.swift */,
				B6973E712B837DB20061B13F /* Assets.xcassets */,
				B6973E732B837DB20061B13F /* LaunchScreen.storyboard */,
				B6973E762B837DB20061B13F /* Info.plist */,
				B6973E932B837EF50061B13F /* Network */,
				B6973E962B837F0E0061B13F /* Util */,
				B6973E992B837F200061B13F /* Model */,
			);
			path = MVC_Todo;
			sourceTree = "<group>";
		};
		B6973E802B837E6C0061B13F /* InsertVC */ = {
			isa = PBXGroup;
			children = (
				B6973E7C2B837E600061B13F /* InsertVC.swift */,
				B6973E7E2B837E680061B13F /* InsertVC.storyboard */,
				CB7317632B9B60870063B680 /* InsertViewModel.swift */,
			);
			path = InsertVC;
			sourceTree = "<group>";
		};
		B6973E882B837EAE0061B13F /* ListVC */ = {
			isa = PBXGroup;
			children = (
				B6973E6C2B837DB10061B13F /* ListVC.swift */,
				B6973E6E2B837DB10061B13F /* Main.storyboard */,
				B67480352B85A85D00641FA5 /* ListTableViewCell */,
				CB7317652B9B6A5E0063B680 /* ListViewModel.swift */,
			);
			path = ListVC;
			sourceTree = "<group>";
		};
		B6973E8D2B837EC00061B13F /* UpdateVC */ = {
			isa = PBXGroup;
			children = (
				B6973E892B837EB70061B13F /* UpdateVC.storyboard */,
				B6973E8B2B837EBC0061B13F /* UpdateVC.swift */,
				CB7795622B9BFD9E00D07BFD /* UpdateViewModel.swift */,
			);
			path = UpdateVC;
			sourceTree = "<group>";
		};
		B6973E8E2B837ECE0061B13F /* VC */ = {
			isa = PBXGroup;
			children = (
				B6973E802B837E6C0061B13F /* InsertVC */,
				B6973E8D2B837EC00061B13F /* UpdateVC */,
				B6973E882B837EAE0061B13F /* ListVC */,
			);
			path = VC;
			sourceTree = "<group>";
		};
		B6973E932B837EF50061B13F /* Network */ = {
			isa = PBXGroup;
			children = (
				B6973E8F2B837EE60061B13F /* J_Network.swift */,
				B6973E912B837EF20061B13F /* D_Network.swift */,
			);
			path = Network;
			sourceTree = "<group>";
		};
		B6973E962B837F0E0061B13F /* Util */ = {
			isa = PBXGroup;
			children = (
				B6973E942B837F090061B13F /* Strings.swift */,
			);
			path = Util;
			sourceTree = "<group>";
		};
		B6973E992B837F200061B13F /* Model */ = {
			isa = PBXGroup;
			children = (
				B6973E972B837F1A0061B13F /* TestModel.swift */,
			);
			path = Model;
			sourceTree = "<group>";
		};
		CB773C6F2B88DA740098AF16 /* Support */ = {
			isa = PBXGroup;
			children = (
				CB773C702B88DA900098AF16 /* UserDefaultsManager.swift */,
				930277782B8F1EFC00685273 /* EncodeDecodeManager.swift */,
			);
			path = Support;
			sourceTree = "<group>";
		};
		CB7B0B302B864244004E0BC0 /* Components */ = {
			isa = PBXGroup;
			children = (
				CB7B0B312B864256004E0BC0 /* CommonLineTextField.swift */,
			);
			path = Components;
			sourceTree = "<group>";
		};
/* End PBXGroup section */

/* Begin PBXNativeTarget section */
		B6973E642B837DB10061B13F /* MVC_Todo */ = {
			isa = PBXNativeTarget;
			buildConfigurationList = B6973E792B837DB20061B13F /* Build configuration list for PBXNativeTarget "MVC_Todo" */;
			buildPhases = (
				B6973E612B837DB10061B13F /* Sources */,
				B6973E622B837DB10061B13F /* Frameworks */,
				B6973E632B837DB10061B13F /* Resources */,
			);
			buildRules = (
			);
			dependencies = (
			);
			name = MVC_Todo;
			packageProductDependencies = (
				B6973E9B2B837F5D0061B13F /* Alamofire */,
			);
			productName = MVC_Todo;
			productReference = B6973E652B837DB10061B13F /* MVC_Todo.app */;
			productType = "com.apple.product-type.application";
		};
/* End PBXNativeTarget section */

/* Begin PBXProject section */
		B6973E5D2B837DB10061B13F /* Project object */ = {
			isa = PBXProject;
			attributes = {
				BuildIndependentTargetsInParallel = 1;
				LastSwiftUpdateCheck = 1520;
				LastUpgradeCheck = 1520;
				TargetAttributes = {
					B6973E642B837DB10061B13F = {
						CreatedOnToolsVersion = 15.2;
					};
				};
			};
			buildConfigurationList = B6973E602B837DB10061B13F /* Build configuration list for PBXProject "MVC_Todo" */;
			compatibilityVersion = "Xcode 14.0";
			developmentRegion = en;
			hasScannedForEncodings = 0;
			knownRegions = (
				en,
				Base,
			);
			mainGroup = B6973E5C2B837DB10061B13F;
			packageReferences = (
				B6973E9A2B837F5D0061B13F /* XCRemoteSwiftPackageReference "Alamofire" */,
			);
			productRefGroup = B6973E662B837DB10061B13F /* Products */;
			projectDirPath = "";
			projectRoot = "";
			targets = (
				B6973E642B837DB10061B13F /* MVC_Todo */,
			);
		};
/* End PBXProject section */

/* Begin PBXResourcesBuildPhase section */
		B6973E632B837DB10061B13F /* Resources */ = {
			isa = PBXResourcesBuildPhase;
			buildActionMask = 2147483647;
			files = (
				B6973E7F2B837E680061B13F /* InsertVC.storyboard in Resources */,
				B6973E752B837DB20061B13F /* LaunchScreen.storyboard in Resources */,
				B6973E8A2B837EB70061B13F /* UpdateVC.storyboard in Resources */,
				B6973E722B837DB20061B13F /* Assets.xcassets in Resources */,
				B6973E702B837DB10061B13F /* Main.storyboard in Resources */,
				B67480342B85A85600641FA5 /* ListTableViewCell.xib in Resources */,
			);
			runOnlyForDeploymentPostprocessing = 0;
		};
/* End PBXResourcesBuildPhase section */

/* Begin PBXSourcesBuildPhase section */
		B6973E612B837DB10061B13F /* Sources */ = {
			isa = PBXSourcesBuildPhase;
			buildActionMask = 2147483647;
			files = (
				B67480332B85A85600641FA5 /* ListTableViewCell.swift in Sources */,
				CB7B0B322B864257004E0BC0 /* CommonLineTextField.swift in Sources */,
				CB773C712B88DA900098AF16 /* UserDefaultsManager.swift in Sources */,
				B6973E952B837F090061B13F /* Strings.swift in Sources */,
				B6973E6D2B837DB10061B13F /* ListVC.swift in Sources */,
				CB7317662B9B6A5E0063B680 /* ListViewModel.swift in Sources */,
				B6973E692B837DB10061B13F /* AppDelegate.swift in Sources */,
				B6973E8C2B837EBC0061B13F /* UpdateVC.swift in Sources */,
				B6973E982B837F1A0061B13F /* TestModel.swift in Sources */,
				930277792B8F1EFC00685273 /* EncodeDecodeManager.swift in Sources */,
				B6973E6B2B837DB10061B13F /* SceneDelegate.swift in Sources */,
				B6973E7D2B837E600061B13F /* InsertVC.swift in Sources */,
				CB7317642B9B60870063B680 /* InsertViewModel.swift in Sources */,
				B6973E902B837EE60061B13F /* J_Network.swift in Sources */,
				B6973E922B837EF20061B13F /* D_Network.swift in Sources */,
				CB7795632B9BFD9E00D07BFD /* UpdateViewModel.swift in Sources */,
			);
			runOnlyForDeploymentPostprocessing = 0;
		};
/* End PBXSourcesBuildPhase section */

/* Begin PBXVariantGroup section */
		B6973E6E2B837DB10061B13F /* Main.storyboard */ = {
			isa = PBXVariantGroup;
			children = (
				B6973E6F2B837DB10061B13F /* Base */,
			);
			name = Main.storyboard;
			sourceTree = "<group>";
		};
		B6973E732B837DB20061B13F /* LaunchScreen.storyboard */ = {
			isa = PBXVariantGroup;
			children = (
				B6973E742B837DB20061B13F /* Base */,
			);
			name = LaunchScreen.storyboard;
			sourceTree = "<group>";
		};
/* End PBXVariantGroup section */

/* Begin XCBuildConfiguration section */
		B6973E772B837DB20061B13F /* Debug */ = {
			isa = XCBuildConfiguration;
			buildSettings = {
				ALWAYS_SEARCH_USER_PATHS = NO;
				ASSETCATALOG_COMPILER_GENERATE_SWIFT_ASSET_SYMBOL_EXTENSIONS = YES;
				CLANG_ANALYZER_NONNULL = YES;
				CLANG_ANALYZER_NUMBER_OBJECT_CONVERSION = YES_AGGRESSIVE;
				CLANG_CXX_LANGUAGE_STANDARD = "gnu++20";
				CLANG_ENABLE_MODULES = YES;
				CLANG_ENABLE_OBJC_ARC = YES;
				CLANG_ENABLE_OBJC_WEAK = YES;
				CLANG_WARN_BLOCK_CAPTURE_AUTORELEASING = YES;
				CLANG_WARN_BOOL_CONVERSION = YES;
				CLANG_WARN_COMMA = YES;
				CLANG_WARN_CONSTANT_CONVERSION = YES;
				CLANG_WARN_DEPRECATED_OBJC_IMPLEMENTATIONS = YES;
				CLANG_WARN_DIRECT_OBJC_ISA_USAGE = YES_ERROR;
				CLANG_WARN_DOCUMENTATION_COMMENTS = YES;
				CLANG_WARN_EMPTY_BODY = YES;
				CLANG_WARN_ENUM_CONVERSION = YES;
				CLANG_WARN_INFINITE_RECURSION = YES;
				CLANG_WARN_INT_CONVERSION = YES;
				CLANG_WARN_NON_LITERAL_NULL_CONVERSION = YES;
				CLANG_WARN_OBJC_IMPLICIT_RETAIN_SELF = YES;
				CLANG_WARN_OBJC_LITERAL_CONVERSION = YES;
				CLANG_WARN_OBJC_ROOT_CLASS = YES_ERROR;
				CLANG_WARN_QUOTED_INCLUDE_IN_FRAMEWORK_HEADER = YES;
				CLANG_WARN_RANGE_LOOP_ANALYSIS = YES;
				CLANG_WARN_STRICT_PROTOTYPES = YES;
				CLANG_WARN_SUSPICIOUS_MOVE = YES;
				CLANG_WARN_UNGUARDED_AVAILABILITY = YES_AGGRESSIVE;
				CLANG_WARN_UNREACHABLE_CODE = YES;
				CLANG_WARN__DUPLICATE_METHOD_MATCH = YES;
				COPY_PHASE_STRIP = NO;
				DEBUG_INFORMATION_FORMAT = dwarf;
				ENABLE_STRICT_OBJC_MSGSEND = YES;
				ENABLE_TESTABILITY = YES;
				ENABLE_USER_SCRIPT_SANDBOXING = YES;
				GCC_C_LANGUAGE_STANDARD = gnu17;
				GCC_DYNAMIC_NO_PIC = NO;
				GCC_NO_COMMON_BLOCKS = YES;
				GCC_OPTIMIZATION_LEVEL = 0;
				GCC_PREPROCESSOR_DEFINITIONS = (
					"DEBUG=1",
					"$(inherited)",
				);
				GCC_WARN_64_TO_32_BIT_CONVERSION = YES;
				GCC_WARN_ABOUT_RETURN_TYPE = YES_ERROR;
				GCC_WARN_UNDECLARED_SELECTOR = YES;
				GCC_WARN_UNINITIALIZED_AUTOS = YES_AGGRESSIVE;
				GCC_WARN_UNUSED_FUNCTION = YES;
				GCC_WARN_UNUSED_VARIABLE = YES;
				IPHONEOS_DEPLOYMENT_TARGET = 17.2;
				LOCALIZATION_PREFERS_STRING_CATALOGS = YES;
				MTL_ENABLE_DEBUG_INFO = INCLUDE_SOURCE;
				MTL_FAST_MATH = YES;
				ONLY_ACTIVE_ARCH = YES;
				SDKROOT = iphoneos;
				SWIFT_ACTIVE_COMPILATION_CONDITIONS = "DEBUG $(inherited)";
				SWIFT_OPTIMIZATION_LEVEL = "-Onone";
			};
			name = Debug;
		};
		B6973E782B837DB20061B13F /* Release */ = {
			isa = XCBuildConfiguration;
			buildSettings = {
				ALWAYS_SEARCH_USER_PATHS = NO;
				ASSETCATALOG_COMPILER_GENERATE_SWIFT_ASSET_SYMBOL_EXTENSIONS = YES;
				CLANG_ANALYZER_NONNULL = YES;
				CLANG_ANALYZER_NUMBER_OBJECT_CONVERSION = YES_AGGRESSIVE;
				CLANG_CXX_LANGUAGE_STANDARD = "gnu++20";
				CLANG_ENABLE_MODULES = YES;
				CLANG_ENABLE_OBJC_ARC = YES;
				CLANG_ENABLE_OBJC_WEAK = YES;
				CLANG_WARN_BLOCK_CAPTURE_AUTORELEASING = YES;
				CLANG_WARN_BOOL_CONVERSION = YES;
				CLANG_WARN_COMMA = YES;
				CLANG_WARN_CONSTANT_CONVERSION = YES;
				CLANG_WARN_DEPRECATED_OBJC_IMPLEMENTATIONS = YES;
				CLANG_WARN_DIRECT_OBJC_ISA_USAGE = YES_ERROR;
				CLANG_WARN_DOCUMENTATION_COMMENTS = YES;
				CLANG_WARN_EMPTY_BODY = YES;
				CLANG_WARN_ENUM_CONVERSION = YES;
				CLANG_WARN_INFINITE_RECURSION = YES;
				CLANG_WARN_INT_CONVERSION = YES;
				CLANG_WARN_NON_LITERAL_NULL_CONVERSION = YES;
				CLANG_WARN_OBJC_IMPLICIT_RETAIN_SELF = YES;
				CLANG_WARN_OBJC_LITERAL_CONVERSION = YES;
				CLANG_WARN_OBJC_ROOT_CLASS = YES_ERROR;
				CLANG_WARN_QUOTED_INCLUDE_IN_FRAMEWORK_HEADER = YES;
				CLANG_WARN_RANGE_LOOP_ANALYSIS = YES;
				CLANG_WARN_STRICT_PROTOTYPES = YES;
				CLANG_WARN_SUSPICIOUS_MOVE = YES;
				CLANG_WARN_UNGUARDED_AVAILABILITY = YES_AGGRESSIVE;
				CLANG_WARN_UNREACHABLE_CODE = YES;
				CLANG_WARN__DUPLICATE_METHOD_MATCH = YES;
				COPY_PHASE_STRIP = NO;
				DEBUG_INFORMATION_FORMAT = "dwarf-with-dsym";
				ENABLE_NS_ASSERTIONS = NO;
				ENABLE_STRICT_OBJC_MSGSEND = YES;
				ENABLE_USER_SCRIPT_SANDBOXING = YES;
				GCC_C_LANGUAGE_STANDARD = gnu17;
				GCC_NO_COMMON_BLOCKS = YES;
				GCC_WARN_64_TO_32_BIT_CONVERSION = YES;
				GCC_WARN_ABOUT_RETURN_TYPE = YES_ERROR;
				GCC_WARN_UNDECLARED_SELECTOR = YES;
				GCC_WARN_UNINITIALIZED_AUTOS = YES_AGGRESSIVE;
				GCC_WARN_UNUSED_FUNCTION = YES;
				GCC_WARN_UNUSED_VARIABLE = YES;
				IPHONEOS_DEPLOYMENT_TARGET = 17.2;
				LOCALIZATION_PREFERS_STRING_CATALOGS = YES;
				MTL_ENABLE_DEBUG_INFO = NO;
				MTL_FAST_MATH = YES;
				SDKROOT = iphoneos;
				SWIFT_COMPILATION_MODE = wholemodule;
				VALIDATE_PRODUCT = YES;
			};
			name = Release;
		};
		B6973E7A2B837DB20061B13F /* Debug */ = {
			isa = XCBuildConfiguration;
			buildSettings = {
				ASSETCATALOG_COMPILER_APPICON_NAME = AppIcon;
				ASSETCATALOG_COMPILER_GLOBAL_ACCENT_COLOR_NAME = AccentColor;
				CODE_SIGN_STYLE = Automatic;
				CURRENT_PROJECT_VERSION = 1;
				DEVELOPMENT_TEAM = GP6Y9N29T9;
				GENERATE_INFOPLIST_FILE = YES;
				INFOPLIST_FILE = MVC_Todo/Info.plist;
				INFOPLIST_KEY_UIApplicationSupportsIndirectInputEvents = YES;
				INFOPLIST_KEY_UILaunchStoryboardName = LaunchScreen;
				INFOPLIST_KEY_UIMainStoryboardFile = Main;
				INFOPLIST_KEY_UISupportedInterfaceOrientations_iPad = "UIInterfaceOrientationPortrait UIInterfaceOrientationPortraitUpsideDown UIInterfaceOrientationLandscapeLeft UIInterfaceOrientationLandscapeRight";
				INFOPLIST_KEY_UISupportedInterfaceOrientations_iPhone = "UIInterfaceOrientationPortrait UIInterfaceOrientationLandscapeLeft UIInterfaceOrientationLandscapeRight";
				IPHONEOS_DEPLOYMENT_TARGET = 13.0;
				LD_RUNPATH_SEARCH_PATHS = (
					"$(inherited)",
					"@executable_path/Frameworks",
				);
				MARKETING_VERSION = 1.0;
				PRODUCT_BUNDLE_IDENTIFIER = JangAndKim.MVC.Todo.AA00;
				PRODUCT_NAME = "$(TARGET_NAME)";
				SWIFT_EMIT_LOC_STRINGS = YES;
				SWIFT_VERSION = 5.0;
				TARGETED_DEVICE_FAMILY = "1,2";
			};
			name = Debug;
		};
		B6973E7B2B837DB20061B13F /* Release */ = {
			isa = XCBuildConfiguration;
			buildSettings = {
				ASSETCATALOG_COMPILER_APPICON_NAME = AppIcon;
				ASSETCATALOG_COMPILER_GLOBAL_ACCENT_COLOR_NAME = AccentColor;
				CODE_SIGN_STYLE = Automatic;
				CURRENT_PROJECT_VERSION = 1;
				DEVELOPMENT_TEAM = GP6Y9N29T9;
				GENERATE_INFOPLIST_FILE = YES;
				INFOPLIST_FILE = MVC_Todo/Info.plist;
				INFOPLIST_KEY_UIApplicationSupportsIndirectInputEvents = YES;
				INFOPLIST_KEY_UILaunchStoryboardName = LaunchScreen;
				INFOPLIST_KEY_UIMainStoryboardFile = Main;
				INFOPLIST_KEY_UISupportedInterfaceOrientations_iPad = "UIInterfaceOrientationPortrait UIInterfaceOrientationPortraitUpsideDown UIInterfaceOrientationLandscapeLeft UIInterfaceOrientationLandscapeRight";
				INFOPLIST_KEY_UISupportedInterfaceOrientations_iPhone = "UIInterfaceOrientationPortrait UIInterfaceOrientationLandscapeLeft UIInterfaceOrientationLandscapeRight";
				IPHONEOS_DEPLOYMENT_TARGET = 13.0;
				LD_RUNPATH_SEARCH_PATHS = (
					"$(inherited)",
					"@executable_path/Frameworks",
				);
				MARKETING_VERSION = 1.0;
				PRODUCT_BUNDLE_IDENTIFIER = JangAndKim.MVC.Todo.AA00;
				PRODUCT_NAME = "$(TARGET_NAME)";
				SWIFT_EMIT_LOC_STRINGS = YES;
				SWIFT_VERSION = 5.0;
				TARGETED_DEVICE_FAMILY = "1,2";
			};
			name = Release;
		};
/* End XCBuildConfiguration section */

/* Begin XCConfigurationList section */
		B6973E602B837DB10061B13F /* Build configuration list for PBXProject "MVC_Todo" */ = {
			isa = XCConfigurationList;
			buildConfigurations = (
				B6973E772B837DB20061B13F /* Debug */,
				B6973E782B837DB20061B13F /* Release */,
			);
			defaultConfigurationIsVisible = 0;
			defaultConfigurationName = Release;
		};
		B6973E792B837DB20061B13F /* Build configuration list for PBXNativeTarget "MVC_Todo" */ = {
			isa = XCConfigurationList;
			buildConfigurations = (
				B6973E7A2B837DB20061B13F /* Debug */,
				B6973E7B2B837DB20061B13F /* Release */,
			);
			defaultConfigurationIsVisible = 0;
			defaultConfigurationName = Release;
		};
/* End XCConfigurationList section */

/* Begin XCRemoteSwiftPackageReference section */
		B6973E9A2B837F5D0061B13F /* XCRemoteSwiftPackageReference "Alamofire" */ = {
			isa = XCRemoteSwiftPackageReference;
			repositoryURL = "https://github.com/Alamofire/Alamofire.git";
			requirement = {
				kind = upToNextMajorVersion;
				minimumVersion = 5.8.1;
			};
		};
/* End XCRemoteSwiftPackageReference section */

/* Begin XCSwiftPackageProductDependency section */
		B6973E9B2B837F5D0061B13F /* Alamofire */ = {
			isa = XCSwiftPackageProductDependency;
			package = B6973E9A2B837F5D0061B13F /* XCRemoteSwiftPackageReference "Alamofire" */;
			productName = Alamofire;
		};
/* End XCSwiftPackageProductDependency section */
	};
	rootObject = B6973E5D2B837DB10061B13F /* Project object */;
}
